# This file is generated by running "yarn install" inside your project.
# Manual changes might be lost - proceed with caution!

__metadata:
  version: 4
  cacheKey: 7

"@reduxjs/react-redux-benchmarks@workspace:.":
  version: 0.0.0-use.local
  resolution: "@reduxjs/react-redux-benchmarks@workspace:."
  dependencies:
    cli-table2: ^0.2.0
    cross-spawn: ^6.0.5
    esbuild: ^0.12.28
    express: ^4.16.4
    prettier: latest
    puppeteer: ^1.7.0
    recursive-copy: ^2.0.9
    tracealyzer: ^0.9.3
    typescript: ^4.4.3
  languageName: unknown
  linkType: soft

"accepts@npm:~1.3.5":
  version: 1.3.5
  resolution: "accepts@npm:1.3.5"
  dependencies:
    mime-types: ~2.1.18
    negotiator: 0.6.1
  checksum: 016e19b461c35e22a3bb45468566506c0b41d74383367f93090d8b2d973381ebbffd367ae3bca4eb9fe9e31f44253b32c6d4bff0e5726ca8a1a655b4391f4ae8
  languageName: node
  linkType: hard

"agent-base@npm:^4.1.0":
  version: 4.2.1
  resolution: "agent-base@npm:4.2.1"
  dependencies:
    es6-promisify: ^5.0.0
  checksum: 17a3d8a70756b69e8adb9a0f5e490d5586008c03a83f00ec7dd1c5714b826fee84d7741fb23b58c3079ee3f2d7a13913ae05598a5c16ccba0ad6775726f01e57
  languageName: node
  linkType: hard

"ansi-regex@npm:^2.0.0":
  version: 2.1.1
  resolution: "ansi-regex@npm:2.1.1"
  checksum: 93a53c923fd433f67cd3d5647dffa6790f37bbfb924cf73ad23e28a8e414bde142d1da260d9a2be52ac4aa382063196880b1d40cf8b547642c746ed538ebf6c4
  languageName: node
  linkType: hard

"array-differ@npm:^1.0.0":
  version: 1.0.0
  resolution: "array-differ@npm:1.0.0"
  checksum: 8818c79562054151cd857084bc2460074a7348eb3cc5de5c435e759ffdd3d7f7117c39e1070947a738b78f0bc213c9f86423a18b16314424e592e95a0e984006
  languageName: node
  linkType: hard

"array-flatten@npm:1.1.1":
  version: 1.1.1
  resolution: "array-flatten@npm:1.1.1"
  checksum: de7a056451ff7891bb1bcda6ce2a50448ca70f63cd0fa7aa90430d288b6dc2931517b6853ce16c473a7f40fa6eaa874e20b6151616db93375471d1ffadfb1d3d
  languageName: node
  linkType: hard

"array-union@npm:^1.0.1":
  version: 1.0.2
  resolution: "array-union@npm:1.0.2"
  dependencies:
    array-uniq: ^1.0.1
  checksum: 5be2568acc80d284519ff2bed8385daa37074dccbf440d5a9ce911bcb9cf51486dd677d3f61903ba113196333d033b261c8eb901a491e15bb4e437e5c68f92c7
  languageName: node
  linkType: hard

"array-uniq@npm:^1.0.1":
  version: 1.0.3
  resolution: "array-uniq@npm:1.0.3"
  checksum: ae11b7fc1e624f7ed45f7a269b521f3f9f73dbff277be9c61fe0240c497bd3fba86367753e0ebdf49bcfd3fee14f4ebab80f573545878525eb48429514a02124
  languageName: node
  linkType: hard

"arrify@npm:^1.0.0":
  version: 1.0.1
  resolution: "arrify@npm:1.0.1"
  checksum: f1d3bae819f49f51a09da5f5c5ce282e79ca69bbdb32db1d9f6c62b151ef801b74398d007cfe89686e2c5aeb62576a398b9068e5172b7f4e20157aa3284076d3
  languageName: node
  linkType: hard

"asap@npm:~2.0.3":
  version: 2.0.6
  resolution: "asap@npm:2.0.6"
  checksum: 3d314f8c598b625a98347bacdba609d4c889c616ca5d8ea65acaae8050ab8b7aa6630df2cfe9856c20b260b432adf2ee7a65a1021f268ef70408c70f809e3a39
  languageName: node
  linkType: hard

"async-limiter@npm:~1.0.0":
  version: 1.0.0
  resolution: "async-limiter@npm:1.0.0"
  checksum: d82fe738555841a5c6cb752f97fd94b894faea1c497fb2d58099005f64d256e49f497e9d5d17163bc24e29693ee6e76bc620c4ad3d85763efe9c206d906bc7e4
  languageName: node
  linkType: hard

"balanced-match@npm:^1.0.0":
  version: 1.0.0
  resolution: "balanced-match@npm:1.0.0"
  checksum: f515a605fe1b59f476f7477c5e1d53ad55b4f42982fca1d57b6701906f4ad1f1ac90fd6587d92cc1af2edb43eecf979214dd847ee410a6de9db4ebf0dd128d62
  languageName: node
  linkType: hard

"body-parser@npm:1.18.3":
  version: 1.18.3
  resolution: "body-parser@npm:1.18.3"
  dependencies:
    bytes: 3.0.0
    content-type: ~1.0.4
    debug: 2.6.9
    depd: ~1.1.2
    http-errors: ~1.6.3
    iconv-lite: 0.4.23
    on-finished: ~2.3.0
    qs: 6.5.2
    raw-body: 2.3.3
    type-is: ~1.6.16
  checksum: bf1a01e85cd4c5236d2ad65d316ff350a91cea8b9127ffd4e07b30fc64ca0efe72b3afc9ea7cd522dd93f86deccd5813866eb0493b52042d3499c20c55ddbc55
  languageName: node
  linkType: hard

"brace-expansion@npm:^1.1.7":
  version: 1.1.11
  resolution: "brace-expansion@npm:1.1.11"
  dependencies:
    balanced-match: ^1.0.0
    concat-map: 0.0.1
  checksum: 4c878e25e4858baf801945dfd63eb68feab2e502cf1122f25f3915c0e3bf397af3a93ff6bef0798db41c0d81ef28c08e55daac38058710f749a3b96eee6b8f40
  languageName: node
  linkType: hard

"buffer-from@npm:^1.0.0":
  version: 1.1.1
  resolution: "buffer-from@npm:1.1.1"
  checksum: 540ceb79c4f5bfcadaabbc18324fa84c50dc52905084be7c03596a339cf5a88513bee6831ce9b36ddd046fab09257a7c80686e129d0559a0cfd141da196ad956
  languageName: node
  linkType: hard

"bytes@npm:3.0.0":
  version: 3.0.0
  resolution: "bytes@npm:3.0.0"
  checksum: 98d6c0ab36f7a5527226fd928e65495ffd3d53cb22da627eba3300eed36bd283ae3dfdf3a0aa017df13a09115b5b8847e3d51f66c2f0304a262264c86a317c05
  languageName: node
  linkType: hard

"chrome-devtools-frontend@npm:1.0.445684":
  version: 1.0.445684
  resolution: "chrome-devtools-frontend@npm:1.0.445684"
  checksum: 71b33a2c4ebe7c90ce2b015e8fc4ed9a3c92d4a699ef595b549fadaebee49455a3992ee204ac91fdca102c221d02e8d7def555332751e076c539444fad3b073a
  languageName: node
  linkType: hard

"cli-table2@npm:^0.2.0":
  version: 0.2.0
  resolution: "cli-table2@npm:0.2.0"
  dependencies:
    colors: ^1.1.2
    lodash: ^3.10.1
    string-width: ^1.0.1
  dependenciesMeta:
    colors:
      optional: true
  checksum: 393ad3e633133dad5786dda845d4ecb0e14dbeaeca33f90fac35b2a13573adfbb4aebb6b03a90599601d623500efcea0e7d4d5ef21c1116e2a045a5b522701b7
  languageName: node
  linkType: hard

"code-point-at@npm:^1.0.0":
  version: 1.1.0
  resolution: "code-point-at@npm:1.1.0"
  checksum: 7d9837296e0f1c00239c88542f5a3e0bad11e45d3d0e8d9d097901fe54722dd5d2c006969077a287be8648a202c43f74e096f17552cbd897568308fba7b87ac0
  languageName: node
  linkType: hard

"colors@npm:^1.1.2":
  version: 1.3.3
  resolution: "colors@npm:1.3.3"
  checksum: b24612249344b2179a1c242ac430ca760802ef9d0b127fdfc6db5a12beafd76882285031537856dfe3bd7c8d755eb1b4c31fffd3da40d150091919b876602fd6
  languageName: node
  linkType: hard

"concat-map@npm:0.0.1":
  version: 0.0.1
  resolution: "concat-map@npm:0.0.1"
  checksum: 554e28d9ee5aa6e061795473ee092cb3d3a2cbdb76c35416e0bb6e03f136d7d07676da387b2ed0ec4106cedbb6534080d9abc48ecc4a92b76406cf2d0c3c0c4b
  languageName: node
  linkType: hard

"concat-stream@npm:1.6.2":
  version: 1.6.2
  resolution: "concat-stream@npm:1.6.2"
  dependencies:
    buffer-from: ^1.0.0
    inherits: ^2.0.3
    readable-stream: ^2.2.2
    typedarray: ^0.0.6
  checksum: 7a97b7a7d0938e36800bdb6f5caf938bac8c523a6ec15df1f2ac41d3785541be30a6671c9f4c0d1ac9609e6ab29dcab8f54d1c84035e3e3b7b24f9336da68ab0
  languageName: node
  linkType: hard

"content-disposition@npm:0.5.2":
  version: 0.5.2
  resolution: "content-disposition@npm:0.5.2"
  checksum: 5d54ba7c9a6e865d1fea321e43d9e56be091aa20706f4632a236ebe7824ed3cb0eac314b80e76a9db2092d287d69add03efcaf743068ee0be1f71159c14a134c
  languageName: node
  linkType: hard

"content-type@npm:~1.0.4":
  version: 1.0.4
  resolution: "content-type@npm:1.0.4"
  checksum: ff6e19cbf281c23d5608723a6dc60ac97e2280bd4d21602511283112321e6c1555895e395555e367672b54a0f1585276284b7c3c8be313aca73902ac2f2609fd
  languageName: node
  linkType: hard

"cookie-signature@npm:1.0.6":
  version: 1.0.6
  resolution: "cookie-signature@npm:1.0.6"
  checksum: 305054e102eebd0a483c63aefdc3abf54a9471bed5eb12be56c0dcf35a94110b8a13139b27751ab07a5ef09e9f4190ee67f71e9d3acf1748e6e2f1aed338c987
  languageName: node
  linkType: hard

"cookie@npm:0.3.1":
  version: 0.3.1
  resolution: "cookie@npm:0.3.1"
  checksum: 5fb6caf84d4e1f5684abae2a29d019466166a452539ef43562eaba5bf2f5d40a5cf0d0b4e46614fb8e6b408fd0c718885ba6696ce976e2c53d07216152ec7091
  languageName: node
  linkType: hard

"core-util-is@npm:~1.0.0":
  version: 1.0.2
  resolution: "core-util-is@npm:1.0.2"
  checksum: 089015ee3c462dfceba70faa1df83b42a7bb35db26dae6af283247b06fe3216c65fccd9f00eebcaf98300dc31e981d56aae9f90b624f8f6ff1153e235ff88b65
  languageName: node
  linkType: hard

"cross-spawn@npm:^6.0.5":
  version: 6.0.5
  resolution: "cross-spawn@npm:6.0.5"
  dependencies:
    nice-try: ^1.0.4
    path-key: ^2.0.1
    semver: ^5.5.0
    shebang-command: ^1.2.0
    which: ^1.2.9
  checksum: 05fbbf957d9b81dc05fd799a238f6aacc2e7cc9783fff3f0e00439a97d6f269c90482571cbf1eeea17200fd119161a2d1f88aa49a8110b176e04f2a70825284f
  languageName: node
  linkType: hard

"debug@npm:2.6.9":
  version: 2.6.9
  resolution: "debug@npm:2.6.9"
  dependencies:
    ms: 2.0.0
  checksum: 559f44f98cf25e2ee489022aec173afbff746564cb108c4493becb95bc3c017a67bdaa25a0ff64801fd32c35051d00af0e56cc7f762ae2c3bc089496e5a1c31b
  languageName: node
  linkType: hard

"debug@npm:^3.1.0":
  version: 3.2.6
  resolution: "debug@npm:3.2.6"
  dependencies:
    ms: ^2.1.1
  checksum: 619feb53b115f1a8341365b8aa58a8757e6632738587d4b61b25627b74891211cb20e31fdbea37fec766e575a60cf456f7a02d6f9eddfdcef80caa6a4b0fc042
  languageName: node
  linkType: hard

"debug@npm:^4.1.0":
  version: 4.1.1
  resolution: "debug@npm:4.1.1"
  dependencies:
    ms: ^2.1.1
  checksum: 3601a6ce96e4698ed3edf0ee6e67ef0317adfcdae2f66a43b23d1b14e8888b422337429b16dbbcba6801e7bfa6cbb8de3128fbacfb8ae1cd9bd7615ea6baf970
  languageName: node
  linkType: hard

"del@npm:^2.2.0":
  version: 2.2.2
  resolution: "del@npm:2.2.2"
  dependencies:
    globby: ^5.0.0
    is-path-cwd: ^1.0.0
    is-path-in-cwd: ^1.0.0
    object-assign: ^4.0.1
    pify: ^2.0.0
    pinkie-promise: ^2.0.0
    rimraf: ^2.2.8
  checksum: c90e53388ea00fe39b2aac4cbcd8d316d1817c151f74e970d1e1b08c497b44a25307c665359c97cd9ae000dcb188c8eaba4e9dfac357f5e2b188c5caafdc69ef
  languageName: node
  linkType: hard

"depd@npm:~1.1.2":
  version: 1.1.2
  resolution: "depd@npm:1.1.2"
  checksum: f45566ff7019a346852f095768a380778ed544de24e103b479fd5d3e61982d670efbb5234c09d0588d7fdb09c26c48283d7150e4be5e6ce5d3d37cd268d75c4d
  languageName: node
  linkType: hard

"destroy@npm:~1.0.4":
  version: 1.0.4
  resolution: "destroy@npm:1.0.4"
  checksum: 5a516fc5a8a8089eecdac11da2339353542be7a71102dc5a1372ef6161501bf5c1ee59ff9f8a3f5f14cc8c88594d606f855f816d46a228ee5e0e5cb2b543534b
  languageName: node
  linkType: hard

"devtools-timeline-model@npm:^1.3.1":
  version: 1.4.0
  resolution: "devtools-timeline-model@npm:1.4.0"
  dependencies:
    chrome-devtools-frontend: 1.0.445684
    resolve: 1.1.7
  checksum: a6358fc4de8888b0974c78e98714e8938b76844db015bc9fd58eae732636b094f2c05f45efc0bbd92e73795281f145b1ed40a993f309caf777e179d3a8e74287
  languageName: node
  linkType: hard

"ee-first@npm:1.1.1":
  version: 1.1.1
  resolution: "ee-first@npm:1.1.1"
  checksum: ba74f91398e3ee3b6d665b2f0d13ad6530e89a7e64ec886a6eec0602fb8a5a274652960e21bd5d4b42fdeb9017d873ff872f50342d38779e955285977edb337c
  languageName: node
  linkType: hard

"emitter-mixin@npm:0.0.3":
  version: 0.0.3
  resolution: "emitter-mixin@npm:0.0.3"
  checksum: 3c686be220126e18faedf75053aae8d9879c15192d6003b77404e75b4fb7e1266f2bdfb5d5e098ddbe78f7d7d3f47b450af146e39bcfbff955a24bf24ac2e69f
  languageName: node
  linkType: hard

"encodeurl@npm:~1.0.2":
  version: 1.0.2
  resolution: "encodeurl@npm:1.0.2"
  checksum: 6ee5fcbcd245d2a2b6bd6fe36b80f91e31ab46e29192c50af00e8f860c0c2310ebbdaae40257878fdce90b42abcb3526895c7c3a2e229461ed1f0d0b5a020fc8
  languageName: node
  linkType: hard

"errno@npm:^0.1.2":
  version: 0.1.7
  resolution: "errno@npm:0.1.7"
  dependencies:
    prr: ~1.0.1
  bin:
    errno: ./cli.js
  checksum: 3d2da6fa1e3826dead7e06476cb4219555e8492c4ba8e0c40b2dc333e9b52e33223a414a394d7b9f18f82740aa69861c5fcef5b80798f08ff903c7c78916ce14
  languageName: node
  linkType: hard

"es6-promise@npm:^4.0.3":
  version: 4.2.5
  resolution: "es6-promise@npm:4.2.5"
  checksum: 4de2fb4aba6e19c678cef93efc98f70b06d17ee6095970460c09fdb8b4af3d50f64c883fe4cbd04ac8059aba10aa86599c392a3bf7ed6f084a49de7d2736766a
  languageName: node
  linkType: hard

"es6-promisify@npm:^5.0.0":
  version: 5.0.0
  resolution: "es6-promisify@npm:5.0.0"
  dependencies:
    es6-promise: ^4.0.3
  checksum: 657d2f0623ddec94f7e3a881fcd73e33c26e796c25791169b50527014b58995a1cc35578595b6f28a71896d44dc00a98e6cf838804582c8fa38f9a4bb7ef1761
  languageName: node
  linkType: hard

"esbuild@npm:^0.12.28":
  version: 0.12.28
  resolution: "esbuild@npm:0.12.28"
  bin:
    esbuild: bin/esbuild
  checksum: 5996e2f6b2dbdb7f833683b8341c8eaae6060967f4a5c26119d0785b4094fdc30de76608561a5bf5de055c59a6ee413d8b65bbbce26177102369fd275316df22
  languageName: node
  linkType: hard

"escape-html@npm:~1.0.3":
  version: 1.0.3
  resolution: "escape-html@npm:1.0.3"
  checksum: 900a7f2b80b9f89c85b7a303d1b7a4d354b93e328871414f165f13c5c209a80eab787e3a63429e596877def69fe4dcb3d1b55af655207a901a9ec99f7f148743
  languageName: node
  linkType: hard

"etag@npm:~1.8.1":
  version: 1.8.1
  resolution: "etag@npm:1.8.1"
  checksum: f18341a3c12a554ec46c0d4756bc9cae177e92f25a4ebd9ceefebf0ee448b675972fc110879f22b1bf514174713921ae5de9ff77af2062d422b1085588465a57
  languageName: node
  linkType: hard

"express@npm:^4.16.4":
  version: 4.16.4
  resolution: "express@npm:4.16.4"
  dependencies:
    accepts: ~1.3.5
    array-flatten: 1.1.1
    body-parser: 1.18.3
    content-disposition: 0.5.2
    content-type: ~1.0.4
    cookie: 0.3.1
    cookie-signature: 1.0.6
    debug: 2.6.9
    depd: ~1.1.2
    encodeurl: ~1.0.2
    escape-html: ~1.0.3
    etag: ~1.8.1
    finalhandler: 1.1.1
    fresh: 0.5.2
    merge-descriptors: 1.0.1
    methods: ~1.1.2
    on-finished: ~2.3.0
    parseurl: ~1.3.2
    path-to-regexp: 0.1.7
    proxy-addr: ~2.0.4
    qs: 6.5.2
    range-parser: ~1.2.0
    safe-buffer: 5.1.2
    send: 0.16.2
    serve-static: 1.13.2
    setprototypeof: 1.1.0
    statuses: ~1.4.0
    type-is: ~1.6.16
    utils-merge: 1.0.1
    vary: ~1.1.2
  checksum: eec296104a82f9633178a2f226276bd032fa778cecedc857e79773261d57771b0404adb5c6aa6783005d84c3e46e3037d7c11c056740f9825ee7478aa66b9268
  languageName: node
  linkType: hard

"extract-zip@npm:^1.6.6":
  version: 1.6.7
  resolution: "extract-zip@npm:1.6.7"
  dependencies:
    concat-stream: 1.6.2
    debug: 2.6.9
    mkdirp: 0.5.1
    yauzl: 2.4.1
  bin:
    extract-zip: cli.js
  checksum: e4fd1bde8aedb475a554ab8527d3b76b7c88b78601f9c0a9f294296947647bf309e204a9328378a86d425b4ac5a9233bd5f78fb4b58345748240d2994900fcdb
  languageName: node
  linkType: hard

"fd-slicer@npm:~1.0.1":
  version: 1.0.1
  resolution: "fd-slicer@npm:1.0.1"
  dependencies:
    pend: ~1.2.0
  checksum: 59c72004ed040f4f29c9109beacec53bf0978ae11328f525708a04eb24a58e2a7f0bec41c8f602690b6dd971868a26919a7c23ac9cb308fbbe8e0ce56e62c3bb
  languageName: node
  linkType: hard

"finalhandler@npm:1.1.1":
  version: 1.1.1
  resolution: "finalhandler@npm:1.1.1"
  dependencies:
    debug: 2.6.9
    encodeurl: ~1.0.2
    escape-html: ~1.0.3
    on-finished: ~2.3.0
    parseurl: ~1.3.2
    statuses: ~1.4.0
    unpipe: ~1.0.0
  checksum: ba02da146edcde663f9f464a1f0302196cba827c084ce9a67835e447eef47752f03c65b0af9113804c1fc78a5763cbf6493d3c476772cc4bdf5c0a3e1917cd88
  languageName: node
  linkType: hard

"forwarded@npm:~0.1.2":
  version: 0.1.2
  resolution: "forwarded@npm:0.1.2"
  checksum: 568d862ad1c514813fc62dc1bd58b8669b16d4ee2e634a6fc71f4849df798883ab94e63d8e1b35a17af51b2b39ca869e672c7310efe42fc7b9bad43a80b5ff87
  languageName: node
  linkType: hard

"fresh@npm:0.5.2":
  version: 0.5.2
  resolution: "fresh@npm:0.5.2"
  checksum: 2f76c8505d1ea5a6d5accea3e7aff0b796bfa43364c84929254f33909fa08640948bd1728220d1ff5f4c2b378a65e97da647f2fe0f2b7ddb44001f6e0dc2e91f
  languageName: node
  linkType: hard

"fs.realpath@npm:^1.0.0":
  version: 1.0.0
  resolution: "fs.realpath@npm:1.0.0"
  checksum: 698a91b1695e3926185c9e5b0dd57cf687dceb4eb73799af91e6b2ab741735e2962c366c5af6403ffddae2619914193bd339efa706fdc984d0ffc74b7a3603f4
  languageName: node
  linkType: hard

"glob@npm:^7.0.3, glob@npm:^7.1.3":
  version: 7.1.3
  resolution: "glob@npm:7.1.3"
  dependencies:
    fs.realpath: ^1.0.0
    inflight: ^1.0.4
    inherits: 2
    minimatch: ^3.0.4
    once: ^1.3.0
    path-is-absolute: ^1.0.0
  checksum: d9d1460afd650e0183bdf63a2b013ed5d29bddd7423699d6fdac30f4971bd0c3666c98b8074e9bf6b12b8f24fd21943cd6417c4947522a5a108e13c688149776
  languageName: node
  linkType: hard

"globby@npm:^5.0.0":
  version: 5.0.0
  resolution: "globby@npm:5.0.0"
  dependencies:
    array-union: ^1.0.1
    arrify: ^1.0.0
    glob: ^7.0.3
    object-assign: ^4.0.1
    pify: ^2.0.0
    pinkie-promise: ^2.0.0
  checksum: 0d1bb58790abd77c7daebb96d8843caa179ab30a336df06ccd92c3e876d4d7032fac82cec983af7970b01e1c800311db82f678a9e96608769e5c22a7c599c6cf
  languageName: node
  linkType: hard

"graceful-fs@npm:^4.1.4":
  version: 4.1.15
  resolution: "graceful-fs@npm:4.1.15"
  checksum: 4248d318a18b0e0b55d6393a393c72916fdf75a98c42b2278f992b08e30b4556faecd84715b53e76d00e6d466a1ab2e2e04ba45bef31fb87d4ca047eb56a3222
  languageName: node
  linkType: hard

"http-errors@npm:1.6.3, http-errors@npm:~1.6.2, http-errors@npm:~1.6.3":
  version: 1.6.3
  resolution: "http-errors@npm:1.6.3"
  dependencies:
    depd: ~1.1.2
    inherits: 2.0.3
    setprototypeof: 1.1.0
    statuses: ">= 1.4.0 < 2"
  checksum: 850a3bf69ffc56c5151cea4a31bdf47412b7a6af3ee3f4fc92d3c4d90f8398d8843806f0d81916b310b661eed93722272cf2d41c2cac2fd5d1d1c66d4077942c
  languageName: node
  linkType: hard

"https-proxy-agent@npm:^2.2.1":
  version: 2.2.1
  resolution: "https-proxy-agent@npm:2.2.1"
  dependencies:
    agent-base: ^4.1.0
    debug: ^3.1.0
  checksum: dd4a49b712d2e2ec6a87aa23e14615473ad8ddebdb90906ae0c2f37e89c0abb35e43006a457fa98260e7d964396e1e6348bdd6eb02d292e5e01dd0f9b3ffe04e
  languageName: node
  linkType: hard

"iconv-lite@npm:0.4.23":
  version: 0.4.23
  resolution: "iconv-lite@npm:0.4.23"
  dependencies:
    safer-buffer: ">= 2.1.2 < 3"
  checksum: 8000b43fcfbc38c15cc91e19e3b2b1c388618dacddfd6096b3a87f70242da33368ef8a985405d671bc3fe1bfe5c2056326c891445a2d4587bb340fdeb4f460a0
  languageName: node
  linkType: hard

"inflight@npm:^1.0.4":
  version: 1.0.6
  resolution: "inflight@npm:1.0.6"
  dependencies:
    once: ^1.3.0
    wrappy: 1
  checksum: 17c53fc42cbe7f7f471d2bc41b97a0cde4b79a74d5ff59997d3f75210566fa278e17596da526d43de2bd07e222706240ce50e60097e54f2cde2e64cbbb372638
  languageName: node
  linkType: hard

"inherits@npm:2, inherits@npm:2.0.3, inherits@npm:^2.0.3, inherits@npm:~2.0.3":
  version: 2.0.3
  resolution: "inherits@npm:2.0.3"
  checksum: 9488f9433effbc24474f6baee8014e5337c7f99305ecb4204fa5864ae7655c24225780d87fc65ed8d3d374715a18c5dc8c69fe3bf9745cde2e7acd0ac068a07b
  languageName: node
  linkType: hard

"ipaddr.js@npm:1.8.0":
  version: 1.8.0
  resolution: "ipaddr.js@npm:1.8.0"
  checksum: 65ff1dde8c437099856cd9ff4a36e5fe502246b94849e1a0e023629b31d7a52eb299afd248544c06bac0f98cf9a75c6bd7a24e93cd8361972a7ada7ccc984d6d
  languageName: node
  linkType: hard

"is-fullwidth-code-point@npm:^1.0.0":
  version: 1.0.0
  resolution: "is-fullwidth-code-point@npm:1.0.0"
  dependencies:
    number-is-nan: ^1.0.0
  checksum: fc3d51ef082eaf0c0d44e94b74cf43b97446e008b147b08186daea8bd5ff402596f04b5fe4fa4c0457470beab5c2de8339c49c96b5be65fe9fdf88f60a0001e8
  languageName: node
  linkType: hard

"is-path-cwd@npm:^1.0.0":
  version: 1.0.0
  resolution: "is-path-cwd@npm:1.0.0"
  checksum: 87c9ebabcf69a8f8f1233e3bbf9471444acea7ee5edfe504efe5d0836c9ccb22a19054719cb20a8b12d7e48983a35c92dc118a5b5bb1254e381f961450a472ef
  languageName: node
  linkType: hard

"is-path-in-cwd@npm:^1.0.0":
  version: 1.0.1
  resolution: "is-path-in-cwd@npm:1.0.1"
  dependencies:
    is-path-inside: ^1.0.0
  checksum: 71109b1f36a90fe87d31b235ba1295b29ea5ca9478362630a3c6bfddf4a90373bedf92bb712138a44122b56cb25031374995eb9ade0fdbdb16207062b8413a4c
  languageName: node
  linkType: hard

"is-path-inside@npm:^1.0.0":
  version: 1.0.1
  resolution: "is-path-inside@npm:1.0.1"
  dependencies:
    path-is-inside: ^1.0.1
  checksum: 7ccbc0bedfb98d07191f9a6c839f78ffb102c24fb77f58ecca52fec13d618d15b7bd52d6335637a80c8830bc4864849adda8fd4107755a96747d690336190beb
  languageName: node
  linkType: hard

"isarray@npm:~1.0.0":
  version: 1.0.0
  resolution: "isarray@npm:1.0.0"
  checksum: b0ff31a290e783f7b3fb73f2951ee7fc2946dc197b05f73577dc77f87dc3be2e0f66007bedf069123d4e5c4b691e7c89a241f6ca06f0c0f4765cdac5aa4b4047
  languageName: node
  linkType: hard

"isexe@npm:^2.0.0":
  version: 2.0.0
  resolution: "isexe@npm:2.0.0"
  checksum: 7b437980bb77881a146fba85cfbdf01edc2b148673e9c2722a1e49661fea73adf524430a80fdbfb8ce9f60d43224e682c657c45030482bd39e0c488fc29b4afe
  languageName: node
  linkType: hard

"junk@npm:^1.0.1":
  version: 1.0.3
  resolution: "junk@npm:1.0.3"
  checksum: 4090c24ce843acad68032c901f1de0ae21c024c7a31b79865ae2c5f2b9c36d8d8733b35c6c086171fd1dd7af4bda2c7987a990d5083162ccf2f157c8bebbe4a9
  languageName: node
  linkType: hard

"lodash@npm:^3.10.1":
  version: 3.10.1
  resolution: "lodash@npm:3.10.1"
  checksum: 0d90e79ce058c8d3e12a027a9fe7bc26107ec5c674c66bfe28c68931c12b7de2a5366477bd639adbf0e60407df3a259b77123c440e1fd2cec09ad1423b574a64
  languageName: node
  linkType: hard

"maximatch@npm:^0.1.0":
  version: 0.1.0
  resolution: "maximatch@npm:0.1.0"
  dependencies:
    array-differ: ^1.0.0
    array-union: ^1.0.1
    arrify: ^1.0.0
    minimatch: ^3.0.0
  checksum: 7f70678feecf851f1499e0fd2d98a2d6d3796d8bcae1e9b74b2bda280823b29bad61fdf2b3f88f11ffb2700b8cf9587c687654cbf8f67be2e3d4d9f1f4cc699b
  languageName: node
  linkType: hard

"media-typer@npm:0.3.0":
  version: 0.3.0
  resolution: "media-typer@npm:0.3.0"
  checksum: be1c825782df7f38eebd451d778f6407bb15a59c8807a69e7f2ad74a25440e474536441c6bf583fdf2803ea23b866e91ff68f565cda297211dd89147758c8df3
  languageName: node
  linkType: hard

"merge-descriptors@npm:1.0.1":
  version: 1.0.1
  resolution: "merge-descriptors@npm:1.0.1"
  checksum: 2d2a09eaac840a7ceac7a13b44b7c8abf3ecccd93a609c3525d8290cb5d814336cc7c0b1dd485ae3bc471ed354eeefb153475ce2e1604ccdf79eebe74021c192
  languageName: node
  linkType: hard

"methods@npm:~1.1.2":
  version: 1.1.2
  resolution: "methods@npm:1.1.2"
  checksum: 450e4ea0fd4a0f3de8c0593d753c7d6c8f2ee49766f5ef35c68cc2ac41699d5e295b7d6330fc2b7271b8569a07857e3eb0b5df0599a353c5808265b4b5066168
  languageName: node
  linkType: hard

"mime-db@npm:~1.37.0":
  version: 1.37.0
  resolution: "mime-db@npm:1.37.0"
  checksum: 176c727551923b69d0852c17fa49ecdcb0ea0591a1508bf60cd9fe45aae8595e6388ccf5328ec5ac7556126ea2ca6629d4ab497f8c0c5b14b75ea1a452b1b218
  languageName: node
  linkType: hard

"mime-types@npm:~2.1.18":
  version: 2.1.21
  resolution: "mime-types@npm:2.1.21"
  dependencies:
    mime-db: ~1.37.0
  checksum: d7534d6c1e28e9c62429ea98c7cdf03574e28a02fdf986b8a724fc6d5ce2db2f30cd7d431b5863faa5eee01951eeabd744e9d182a89d515540f9e7a9b2a80332
  languageName: node
  linkType: hard

"mime@npm:1.4.1":
  version: 1.4.1
  resolution: "mime@npm:1.4.1"
  bin:
    mime: cli.js
  checksum: 01f74d90a2d91c919436958c4af940d145e00a3b7c57f98cc65f1a70dbecd02fb41c6b74ac5433ae9fe787f1841aaaed412bce259a848b5fc76fc66c0c2a6381
  languageName: node
  linkType: hard

"mime@npm:^2.0.3":
  version: 2.4.0
  resolution: "mime@npm:2.4.0"
  bin:
    mime: cli.js
  checksum: 1805ce514f20ff2b59e8574ebcfad716edcdd4162df718faef04dccd9dbb1afcd7a13a6d0c19ff0d48c8af06ca209b59b33ba168af8af171ea30b261ce0cb8ec
  languageName: node
  linkType: hard

"minimatch@npm:^3.0.0, minimatch@npm:^3.0.4":
  version: 3.0.4
  resolution: "minimatch@npm:3.0.4"
  dependencies:
    brace-expansion: ^1.1.7
  checksum: 47eab9263962cacd5733e274ecad2d8e54b0f8e124ba35ae69189e296058f634a4967b87a98954f86fa5c830ff177caf827ce0136d28717ed3232951fb4fae62
  languageName: node
  linkType: hard

"minimist@npm:0.0.8":
  version: 0.0.8
  resolution: "minimist@npm:0.0.8"
  checksum: d71c4684bce92f9c0500e103498adb5e45bbda551763132a703306c2dab6f3a1f69eb6448c3ff3ea73fb562285dfd6ee3a354d5c0e5dd52e3d5f3037c82c0935
  languageName: node
  linkType: hard

"mkdirp@npm:0.5.1, mkdirp@npm:^0.5.1":
  version: 0.5.1
  resolution: "mkdirp@npm:0.5.1"
  dependencies:
    minimist: 0.0.8
  bin:
    mkdirp: bin/cmd.js
  checksum: 8ef65f4f0c7642b2f6e7af417eb9f3f24e8d1e4d612eddc5b1ee3b0ef974ccfaafb38bba6cc9178510c5aae82a6ef9ad85037448c9856b2fb8308162a7c8987e
  languageName: node
  linkType: hard

"ms@npm:2.0.0":
  version: 2.0.0
  resolution: "ms@npm:2.0.0"
  checksum: 1a230340cc7f322fbe916783d8c8d60455407c6b7fb7f901d6ee34eb272402302c5c7f070a97b8531245cbb4ca6a0a623f6a128d7e5a5440cefa2c669c0b35bb
  languageName: node
  linkType: hard

"ms@npm:^2.1.1":
  version: 2.1.1
  resolution: "ms@npm:2.1.1"
  checksum: 81ad38c74df2473ce9fbed8bb71a00220c3d9e237ebd576306c9f6ca3221b251d602c7d199808944be1a3d7cda5883e72c77adb473734ba30f6e032165e05ebc
  languageName: node
  linkType: hard

"negotiator@npm:0.6.1":
  version: 0.6.1
  resolution: "negotiator@npm:0.6.1"
  checksum: 07ea080abd7c19b10d74a54de069190a3ea074235a560797ad71ca1bb5909cd5e6485ae673c82d1b998bb3406399dbbf27e182d5f4ba23dd2fcb8cd281b848aa
  languageName: node
  linkType: hard

"nice-try@npm:^1.0.4":
  version: 1.0.5
  resolution: "nice-try@npm:1.0.5"
  checksum: 330f190bf68146a560008b661e1ddbb2eac667c16990b6bf791516d89cceb707ec67901ad647d2b32674bfa816b916489cead5c2fb6e96864c659573ab5aa3bb
  languageName: node
  linkType: hard

"number-is-nan@npm:^1.0.0":
  version: 1.0.1
  resolution: "number-is-nan@npm:1.0.1"
  checksum: 42251b2653a16f8b47639d93c3b646fff295a4582a6b3a2fc51a651d4511427c247629709063d19befbceb8a3db1a8e9f17016b3a207291e79e4bd1413032918
  languageName: node
  linkType: hard

"object-assign@npm:^4.0.1":
  version: 4.1.1
  resolution: "object-assign@npm:4.1.1"
  checksum: 66cf021898fc1b13ea573ea8635fbd5a76533f50cecbc2fcd5eee1e8029af41bcebe7023788b6d0e06cbe4401ecea075d972f78ec74467cdc571a0f1a4d1a081
  languageName: node
  linkType: hard

"on-finished@npm:~2.3.0":
  version: 2.3.0
  resolution: "on-finished@npm:2.3.0"
  dependencies:
    ee-first: 1.1.1
  checksum: 362e64608287d31ffd96a15fb9305a410b3e4d07c86f277fae907e38af46bc6f5ff948de90eabb81dc5632ca7f9a290085acc5410c378053dfa9860451d97ee5
  languageName: node
  linkType: hard

"once@npm:^1.3.0":
  version: 1.4.0
  resolution: "once@npm:1.4.0"
  dependencies:
    wrappy: 1
  checksum: 57afc246536cf6494437f982b26475f22bee860f8b77ce8eb1543f42a8bffe04b2c66ddfea9a16cb25ccb80943f8ee4fc639367ef97b7a6a4f2672eb573963f5
  languageName: node
  linkType: hard

"parseurl@npm:~1.3.2":
  version: 1.3.2
  resolution: "parseurl@npm:1.3.2"
  checksum: b1ff2425c6f20b9756a5c1c724ea2bd5cc1edf7d765718675069f55404087fb1f2b7d161c374af71272bbd021bfc161fef40ea7d89924862f79900417631c11d
  languageName: node
  linkType: hard

"path-is-absolute@npm:^1.0.0":
  version: 1.0.1
  resolution: "path-is-absolute@npm:1.0.1"
  checksum: 907e1e3e6ac0aef6e65adffd75b3892191d76a5b94c5cf26b43667c4240531d11872ca6979c209b2e5e1609f7f579d02f64ba9936b48bb59d36cc529f0d965ed
  languageName: node
  linkType: hard

"path-is-inside@npm:^1.0.1":
  version: 1.0.2
  resolution: "path-is-inside@npm:1.0.2"
  checksum: 9c1841199d18398ee5f6d79f57eaa57f8eb85743353ea97c6d933423f246f044575a10c1847c638c36440b050aef82665b9cb4fc60950866cd239f3d51835ef4
  languageName: node
  linkType: hard

"path-key@npm:^2.0.1":
  version: 2.0.1
  resolution: "path-key@npm:2.0.1"
  checksum: 7dc807a2baa11d6bc0fca72148a0a0ca69ab73d98fbe42e10d22764d1ef547767f2b4ff827c6bc66e733388cd8d54297a45a39499825b9fdfd18959202384029
  languageName: node
  linkType: hard

"path-to-regexp@npm:0.1.7":
  version: 0.1.7
  resolution: "path-to-regexp@npm:0.1.7"
  checksum: 342fdb0ca48415d6eccdbe6d4180fd0fa4786ccc96ab3f74fcdf7acfc99e075af25e6077c8086c341dcfb4f5f84401ecd21e6cd7b24e0c3b556fb7ffb2570da7
  languageName: node
  linkType: hard

"pend@npm:~1.2.0":
  version: 1.2.0
  resolution: "pend@npm:1.2.0"
  checksum: 35da01b2aa52458fbda2dceaeb5305c0d6c7262beca67d9f4c97bd70e4a8f4457f5fa01ffea3b3f786fb310b9b3b98515c52de3d7ae0b50dfb50b2a2d38d042b
  languageName: node
  linkType: hard

"pify@npm:^2.0.0, pify@npm:^2.3.0":
  version: 2.3.0
  resolution: "pify@npm:2.3.0"
  checksum: d5758aa570bbd5969c62b5f745065006827ef4859b32af302e3df2bb5978e6c1e50c2360d7ffefa102e451084f4530115c84570c185ba5153ee9871c977fe278
  languageName: node
  linkType: hard

"pinkie-promise@npm:^2.0.0":
  version: 2.0.1
  resolution: "pinkie-promise@npm:2.0.1"
  dependencies:
    pinkie: ^2.0.0
  checksum: 1e32e05ffdfb691b04a42d05d5452698853099efe1bab70bfa538e9a793e609b66cc59180cc5fc2158062a2fc5991c9c268a82b2b655247aa005020167e31d75
  languageName: node
  linkType: hard

"pinkie@npm:^2.0.0":
  version: 2.0.4
  resolution: "pinkie@npm:2.0.4"
  checksum: 2cb484c9da47b2f420fddffe7cbfeac950106a848343d147c2b2668d12b71aa3d09297bfe37ec32539a27c6dc7db414414f5ee166d6b2ca0d95f6dfe9dde60d7
  languageName: node
  linkType: hard

"prettier@npm:latest":
  version: 2.4.1
  resolution: "prettier@npm:2.4.1"
  bin:
    prettier: bin-prettier.js
  checksum: d72ebe33441651cdb334d05d8d180bedbb6f8ca9db47163719b9763f3f471d27b9dc86b9f2c9383773681ff836eb5951acd1809871077c9313609f7b7e05554e
  languageName: node
  linkType: hard

"process-nextick-args@npm:~2.0.0":
  version: 2.0.0
  resolution: "process-nextick-args@npm:2.0.0"
  checksum: 7ac33f82845e5cb81c0dc1049132b0962036283c24ac5db98d4ed9cfa9681c3a0dd8f83094f6aed1a81ae3602252e4d0a92ac4c5bb3323e8a9d4ce29b3949d38
  languageName: node
  linkType: hard

"progress@npm:^2.0.1":
  version: 2.0.3
  resolution: "progress@npm:2.0.3"
  checksum: c46ef5a1de4d527dfd32fe56a7df0c1c8b420a4c02617196813bf7f10ac7c2a929afc265d44fdd68f5c439a7e7cb3d70d569716c82d6b4148ec72089860a1312
  languageName: node
  linkType: hard

"promise@npm:^7.0.1":
  version: 7.3.1
  resolution: "promise@npm:7.3.1"
  dependencies:
    asap: ~2.0.3
  checksum: 23267a4b078fcb02c57b06ca1a1d5739109deb0932c0fd79615a2c5636dd0571ac6a161f19c4ea9683a4ab89791da13112678fa410b65334de490e97c33410ae
  languageName: node
  linkType: hard

"proxy-addr@npm:~2.0.4":
  version: 2.0.4
  resolution: "proxy-addr@npm:2.0.4"
  dependencies:
    forwarded: ~0.1.2
    ipaddr.js: 1.8.0
  checksum: b036cb15bc2a3868c331dae01fc851f274ae2122e4708beb697cc03afb514b31c8e258f032bfcd46f8df28bf47fb55ee5438e1e0c4d8d18cf811fa86617edc08
  languageName: node
  linkType: hard

"proxy-from-env@npm:^1.0.0":
  version: 1.0.0
  resolution: "proxy-from-env@npm:1.0.0"
  checksum: 35b2f98a6a6ecb0240c7ce84f5b60f234436da4984b6115971c6f782908984850d804160e0e70063ba711124950110a8a671b61875facb1b8a77d585a739213f
  languageName: node
  linkType: hard

"prr@npm:~1.0.1":
  version: 1.0.1
  resolution: "prr@npm:1.0.1"
  checksum: ac5c0986b46390140b920b8e7f6b56e769a00620af02b6bbdfc6658e8a36b876569c8f174a7c209843f5b9af3d13cbf847c2a9dded4d965b01afbfa5ea8d0761
  languageName: node
  linkType: hard

"puppeteer@npm:^1.7.0":
  version: 1.11.0
  resolution: "puppeteer@npm:1.11.0"
  dependencies:
    debug: ^4.1.0
    extract-zip: ^1.6.6
    https-proxy-agent: ^2.2.1
    mime: ^2.0.3
    progress: ^2.0.1
    proxy-from-env: ^1.0.0
    rimraf: ^2.6.1
    ws: ^6.1.0
  checksum: 07a380fd5e5593c9114c6fd34308473cf0787170c83af2effdf5aaf44567db5409cbb9540d0cace416296c1449348e51322097c9efae10de3385808f2c7ebfc0
  languageName: node
  linkType: hard

"qs@npm:6.5.2":
  version: 6.5.2
  resolution: "qs@npm:6.5.2"
  checksum: fa0410eff2c05ce3328e11f82db4015e7819c986ee056d6b62b06ae112f4929af09ea3b879ca168ff9f0338f50972bba487ad0e46c879e42bfaf63c3c2ea7f09
  languageName: node
  linkType: hard

"range-parser@npm:~1.2.0":
  version: 1.2.0
  resolution: "range-parser@npm:1.2.0"
  checksum: 8260023192a5def4c6db4ced82e6546306937f1202417b846f2e8b565426e71697086f509a070f66fd23a57e9f96aba108f08d16d4be23d418c8c68a73b539bd
  languageName: node
  linkType: hard

"raw-body@npm:2.3.3":
  version: 2.3.3
  resolution: "raw-body@npm:2.3.3"
  dependencies:
    bytes: 3.0.0
    http-errors: 1.6.3
    iconv-lite: 0.4.23
    unpipe: 1.0.0
  checksum: 86e367e928426aa0cbbeb967e02414e18530c1bf52093d2f4e4b56e53a569193e03bc4d2d5d2fc8383b08893e01336b9e9c067a2052de73d9367fe2543cbaa26
  languageName: node
  linkType: hard

"readable-stream@npm:^2.2.2":
  version: 2.3.6
  resolution: "readable-stream@npm:2.3.6"
  dependencies:
    core-util-is: ~1.0.0
    inherits: ~2.0.3
    isarray: ~1.0.0
    process-nextick-args: ~2.0.0
    safe-buffer: ~5.1.1
    string_decoder: ~1.1.1
    util-deprecate: ~1.0.1
  checksum: 2240daa70aa9485971b1be4e20dfb474eaf04d317db92917afdaf55dd170c547a1f82e47026a1c209c85df31ee8951c4ab9427ab7679d4fbebfad039d9c77ff5
  languageName: node
  linkType: hard

"recursive-copy@npm:^2.0.9":
  version: 2.0.9
  resolution: "recursive-copy@npm:2.0.9"
  dependencies:
    del: ^2.2.0
    emitter-mixin: 0.0.3
    errno: ^0.1.2
    graceful-fs: ^4.1.4
    junk: ^1.0.1
    maximatch: ^0.1.0
    mkdirp: ^0.5.1
    pify: ^2.3.0
    promise: ^7.0.1
    slash: ^1.0.0
  checksum: d3b4b935d0aff820190a6c66b3dbc2e8a585b0c205b4c8879ed7946147eaa25db09ead34b70b0f3c5d28dd54fe039d84115c6cc984927da9f8445b570d059e50
  languageName: node
  linkType: hard

"resolve@npm:1.1.7":
  version: 1.1.7
  resolution: "resolve@npm:1.1.7"
  checksum: 3e928e9586d51dd985d42f524646267f08269261d844adfb54bf2e3a2f96e9bdb2be8e3db686145a7ac2b65c7cd894bdfa7b48b80b828ea5cb1d2abc403778b0
  languageName: node
  linkType: hard

"rimraf@npm:^2.2.8, rimraf@npm:^2.6.1":
  version: 2.6.3
  resolution: "rimraf@npm:2.6.3"
  dependencies:
    glob: ^7.1.3
  bin:
    rimraf: ./bin.js
  checksum: c9ce1854f19327606934558f4729b0f7aa7b9f1a3e7ca292d56261cce1074e20b0a0b16689166da6d8ab24ed9c30f7c71fba0df38e1d37f0233b6f48307c5c7a
  languageName: node
  linkType: hard

"safe-buffer@npm:5.1.2, safe-buffer@npm:~5.1.0, safe-buffer@npm:~5.1.1":
  version: 5.1.2
  resolution: "safe-buffer@npm:5.1.2"
  checksum: 2708587c1b5e70a5e420714ceb59f30f5791c6e831d39812125a008eca63a4ac18578abd020a0776ea497ff03b4543f2b2a223a7b9073bf2d6c7af9ec6829218
  languageName: node
  linkType: hard

"safer-buffer@npm:>= 2.1.2 < 3":
  version: 2.1.2
  resolution: "safer-buffer@npm:2.1.2"
  checksum: 549ba83f5b314b59898efe3422120ce1ca7987a6eae5925a5fa5db930dc414d4a9dde0a5594f89638cd6ea60b6840ea961872908933ac2428d1726489db46fa5
  languageName: node
  linkType: hard

"semver@npm:^5.5.0":
  version: 5.6.0
  resolution: "semver@npm:5.6.0"
  bin:
    semver: ./bin/semver
  checksum: 7e7b2f9a72b5ad7e123c28ba44398cad73e55b2ecb8634cf7ef9d4bb3d93ffab5315a0cb505f2f735edebc381fc689bd2bf3e952f8318cdfc88947e99898bf69
  languageName: node
  linkType: hard

"send@npm:0.16.2":
  version: 0.16.2
  resolution: "send@npm:0.16.2"
  dependencies:
    debug: 2.6.9
    depd: ~1.1.2
    destroy: ~1.0.4
    encodeurl: ~1.0.2
    escape-html: ~1.0.3
    etag: ~1.8.1
    fresh: 0.5.2
    http-errors: ~1.6.2
    mime: 1.4.1
    ms: 2.0.0
    on-finished: ~2.3.0
    range-parser: ~1.2.0
    statuses: ~1.4.0
  checksum: 0b3b98fd0d933687bafb45552bb9798aa030475c1c7e8a0da1cc97fd92b2dff7b728b41721405335b23d86d31c73300716d3c803075e3e92117f16e9eca84824
  languageName: node
  linkType: hard

"serve-static@npm:1.13.2":
  version: 1.13.2
  resolution: "serve-static@npm:1.13.2"
  dependencies:
    encodeurl: ~1.0.2
    escape-html: ~1.0.3
    parseurl: ~1.3.2
    send: 0.16.2
  checksum: ed2fe928fecd9ca86f1fc01066278a4e0574b1a4fff81f212f0b73aaad15e1dc8b68c7dfca9937edbdedc55bdfb21cec6c20cd8bead27524025105e4fd51a2c6
  languageName: node
  linkType: hard

"setprototypeof@npm:1.1.0":
  version: 1.1.0
  resolution: "setprototypeof@npm:1.1.0"
  checksum: 8a3fb2ff4bf7daf0f8fb0e52d87d6e3dc387599e1c7a42833fddc1d711e87f7f187a6f957137a435ae154a98877e4357569f1fb48f3d17e96242621cd469e1f6
  languageName: node
  linkType: hard

"shebang-command@npm:^1.2.0":
  version: 1.2.0
  resolution: "shebang-command@npm:1.2.0"
  dependencies:
    shebang-regex: ^1.0.0
  checksum: 2a1e0092a6b80b14ec742ef4e982be8aa670edc7de3e8c68b26744fb535051f7d92518106387b52e9aabe0c1ceae33d23a7dfdb94c3d7f5035c3868b723a2854
  languageName: node
  linkType: hard

"shebang-regex@npm:^1.0.0":
  version: 1.0.0
  resolution: "shebang-regex@npm:1.0.0"
  checksum: cf1a41cb09023e7d39739d7145fcba57c3fabc6728b78ce706f7315cf52dfadf30f7eea664e069224fbcbbfb6ab853bc55ac45f494b47ee73fc209c98487fae5
  languageName: node
  linkType: hard

"slash@npm:^1.0.0":
  version: 1.0.0
  resolution: "slash@npm:1.0.0"
  checksum: fb026d08e401ab066ab62d3588922fd3efede998c0f4dc2041f83c5032f561defa92adc72a8ab02b28aaf1b82cc062e1963c6833e86804c5035d93c05387d06e
  languageName: node
  linkType: hard

"statuses@npm:>= 1.4.0 < 2":
  version: 1.5.0
  resolution: "statuses@npm:1.5.0"
  checksum: 57735269bf231176a60deb80f6d60214cb4a87663b0937e79497afe9aebe2597f8377fd28893f4d1776205f18dd0b927774a26b72051411ac5108e9e2dfc77d2
  languageName: node
  linkType: hard

"statuses@npm:~1.4.0":
  version: 1.4.0
  resolution: "statuses@npm:1.4.0"
  checksum: f90d393f771ee85a756826d117b37af0057bf0506e00c13139486c1e5275e21e5c043654a0b7f773342eac194a1087c937da1dd199bb461e81a1eff781ad2558
  languageName: node
  linkType: hard

"string-width@npm:^1.0.1":
  version: 1.0.2
  resolution: "string-width@npm:1.0.2"
  dependencies:
    code-point-at: ^1.0.0
    is-fullwidth-code-point: ^1.0.0
    strip-ansi: ^3.0.0
  checksum: b11745daa9398a1b3bb37ffa64263f9869c5f790901ed1242decb08171785346447112ead561cffde6b222a5ebeab9d2b382c72ae688859e852aa29325ca9d0b
  languageName: node
  linkType: hard

"string_decoder@npm:~1.1.1":
  version: 1.1.1
  resolution: "string_decoder@npm:1.1.1"
  dependencies:
    safe-buffer: ~5.1.0
  checksum: bc2dc169d83df1b9e94defe7716bcad8a19ffe8211b029581cb0c6f9e83a6a7ba9ec3be38d179708a8643c692868a2b8b004ab159555dc26089ad3fa7b2158f5
  languageName: node
  linkType: hard

"strip-ansi@npm:^3.0.0":
  version: 3.0.1
  resolution: "strip-ansi@npm:3.0.1"
  dependencies:
    ansi-regex: ^2.0.0
  checksum: 98772dcf440d08f65790ee38cd186b1f139fa69b430e75f9d9c11f97058662f82a22c2ba03a30f502f948958264e99051524fbf1819edaa8a8bbb909ece297da
  languageName: node
  linkType: hard

"tracealyzer@npm:^0.9.3":
  version: 0.9.3
  resolution: "tracealyzer@npm:0.9.3"
  dependencies:
    devtools-timeline-model: ^1.3.1
  checksum: d4e6ef5850aa5ce8fcf2498b5a2e16afeeebc47cff6cf55ff34c60f36c3cfa81ab06d61aefc41718095e95c42013dbf4b8fa69d55d378faabeaaa76e87f46d52
  languageName: node
  linkType: hard

"type-is@npm:~1.6.16":
  version: 1.6.16
  resolution: "type-is@npm:1.6.16"
  dependencies:
    media-typer: 0.3.0
    mime-types: ~2.1.18
  checksum: 2044ced2f47cbb51cfb47bc5de10951f9b7c98bb503f53bc749edf68dbdfb0f6e201aeb5690a60d547dc57ab4ac5ade3088e8041632e5363e9f115eb85ea2e92
  languageName: node
  linkType: hard

"typedarray@npm:^0.0.6":
  version: 0.0.6
  resolution: "typedarray@npm:0.0.6"
  checksum: c9ef0176aaf32593514c31e5c6edc1db970847aff6e1f0a0570a6ac0cc996335792f394c2fcec59cc76691d22a01888ea073a2f3c6930cfcf7c519addf4e2ad7
  languageName: node
  linkType: hard

"typescript@npm:^4.4.3":
  version: 4.4.3
  resolution: "typescript@npm:4.4.3"
  bin:
    tsc: bin/tsc
    tsserver: bin/tsserver
  checksum: 0da3a2a96506240557512ee49ff37a882c49c8c803444b90b98984e50d5d2e526885d57cd0f75225525413630b0e070e0e9ab4538485852fa1c158a6e7925cbb
  languageName: node
  linkType: hard

"unpipe@npm:1.0.0, unpipe@npm:~1.0.0":
  version: 1.0.0
  resolution: "unpipe@npm:1.0.0"
  checksum: ba244e8bf640475b2143af95be5d71353cd4d238d63abf5dfe700c67841f066eb0819fc60dee7f2348ef647a5644a06ba024b9a0ab6d399fc07a05eb72a30ac7
  languageName: node
  linkType: hard

"util-deprecate@npm:~1.0.1":
  version: 1.0.2
  resolution: "util-deprecate@npm:1.0.2"
  checksum: 73c2b1cf0210ccac300645384d8443cabbd93194117b2dc1b3bae8d8279ad39aedac857e020c4ea505e96a1045059c7359db3df6a9df0be6b8584166c9d61dc9
  languageName: node
  linkType: hard

"utils-merge@npm:1.0.1":
  version: 1.0.1
  resolution: "utils-merge@npm:1.0.1"
  checksum: a457956ebc09efbda05da8bf213ab89140bb9dffa3c42b3315dd8fc3c45d67a1b802741f58b7bba4872113201fc275fc86470289d8bd32b74297b5e5b5980705
  languageName: node
  linkType: hard

"vary@npm:~1.1.2":
  version: 1.1.2
  resolution: "vary@npm:1.1.2"
  checksum: 591f059f727ac1ba0d97cb7767f8583a03fcbb07db7be2b7dce838ede520ec0e958a41cb19077054769077fdc49a9b9a2dc391c83426bfee89c054b8cc7404bf
  languageName: node
  linkType: hard

"which@npm:^1.2.9":
  version: 1.3.1
  resolution: "which@npm:1.3.1"
  dependencies:
    isexe: ^2.0.0
  bin:
    which: ./bin/which
  checksum: 298d95f9c185c4da22c1bfb1fdfa37c2ba56df8a6b98706ab361bf31a7d3a4845afaecfc48d4de7a259048842b5f2977f51b56f5c06c1f6a83dcf5a9e3de634a
  languageName: node
  linkType: hard

"wrappy@npm:1":
  version: 1.0.2
  resolution: "wrappy@npm:1.0.2"
  checksum: 519fcda0fcdf0c16327be2de9d98646742307bc830277e8868529fcf7566f2b330a6453c233e0cdcb767d5838dd61a90984a02ecc983bcddebea5ad0833bbf98
  languageName: node
  linkType: hard

"ws@npm:^6.1.0":
  version: 6.1.2
  resolution: "ws@npm:6.1.2"
  dependencies:
    async-limiter: ~1.0.0
  checksum: 88116ebb8d1692fc13aeb542a4e59fd030fb901519c5002015ac863ab25b89e70634acfdb97356144ed1f5d8d84b23d0dc270859a4dec2331d00ad4bfaf3db71
  languageName: node
  linkType: hard

"yauzl@npm:2.4.1":
  version: 2.4.1
  resolution: "yauzl@npm:2.4.1"
  dependencies:
    fd-slicer: ~1.0.1
  checksum: 68515ff17484180f374fb4bf3a725d98baa578c2b8ebfd73cbd153cc1faec68d19bbadbe5406f9c3306736f1dafb5af15566f91cbf78fcbd643f8537ba70a22d
  languageName: node
  linkType: hard
